
Microsoft Visual Studio Solution File, Format Version 12.00
# Visual Studio 15
Project("{FAE04EC0-301F-11D3-BF4B-00C04F79EFBC}") = "VuforiaScripts", "VuforiaScripts.csproj", "{7D4BB271-B008-6003-4160-2BCD8C79C426}"
EndProject
Project("{FAE04EC0-301F-11D3-BF4B-00C04F79EFBC}") = "Assembly-CSharp", "Assembly-CSharp.csproj", "{B9CBFC65-BBBC-8797-D9E8-D00C62DEC16D}"
EndProject
Project("{FAE04EC0-301F-11D3-BF4B-00C04F79EFBC}") = "VuforiaEditorScripts", "VuforiaEditorScripts.csproj", "{3D4DEF15-F3D2-C3E7-31E5-26D61E8A1952}"
EndProject
Global
	GlobalSection(SolutionConfigurationPlatforms) = preSolution
		Debug|Any CPU = Debug|Any CPU
		Release|Any CPU = Release|Any CPU
	EndGlobalSection
	GlobalSection(ProjectConfigurationPlatforms) = postSolution
		{7D4BB271-B008-6003-4160-2BCD8C79C426}.Debug|Any CPU.ActiveCfg = Debug|Any CPU
		{7D4BB271-B008-6003-4160-2BCD8C79C426}.Debug|Any CPU.Build.0 = Debug|Any CPU
		{7D4BB271-B008-6003-4160-2BCD8C79C426}.Release|Any CPU.ActiveCfg = Release|Any CPU
		{7D4BB271-B008-6003-4160-2BCD8C79C426}.Release|Any CPU.Build.0 = Release|Any CPU
		{B9CBFC65-BBBC-8797-D9E8-D00C62DEC16D}.Debug|Any CPU.ActiveCfg = Debug|Any CPU
		{B9CBFC65-BBBC-8797-D9E8-D00C62DEC16D}.Debug|Any CPU.Build.0 = Debug|Any CPU
		{B9CBFC65-BBBC-8797-D9E8-D00C62DEC16D}.Release|Any CPU.ActiveCfg = Release|Any CPU
		{B9CBFC65-BBBC-8797-D9E8-D00C62DEC16D}.Release|Any CPU.Build.0 = Release|Any CPU
		{3D4DEF15-F3D2-C3E7-31E5-26D61E8A1952}.Debug|Any CPU.ActiveCfg = Debug|Any CPU
		{3D4DEF15-F3D2-C3E7-31E5-26D61E8A1952}.Debug|Any CPU.Build.0 = Debug|Any CPU
		{3D4DEF15-F3D2-C3E7-31E5-26D61E8A1952}.Release|Any CPU.ActiveCfg = Release|Any CPU
		{3D4DEF15-F3D2-C3E7-31E5-26D61E8A1952}.Release|Any CPU.Build.0 = Release|Any CPU
	EndGlobalSection
	GlobalSection(SolutionProperties) = preSolution
		HideSolutionNode = FALSE
	EndGlobalSection
EndGlobal
